// !$*UTF8*$!
{
	archiveVersion = 1;
	classes = {
	};
	objectVersion = 56;
	objects = {

/* Begin PBXBuildFile section */
		11DCB2572A3B80580044F162 /* AppDelegate.swift in Sources */ = {isa = PBXBuildFile; fileRef = 11DCB2562A3B80580044F162 /* AppDelegate.swift */; };
		11DCB2592A3B80580044F162 /* SceneDelegate.swift in Sources */ = {isa = PBXBuildFile; fileRef = 11DCB2582A3B80580044F162 /* SceneDelegate.swift */; };
		11DCB25B2A3B80580044F162 /* ViewController.swift in Sources */ = {isa = PBXBuildFile; fileRef = 11DCB25A2A3B80580044F162 /* ViewController.swift */; };
		11DCB25E2A3B80580044F162 /* Main.storyboard in Resources */ = {isa = PBXBuildFile; fileRef = 11DCB25C2A3B80580044F162 /* Main.storyboard */; };
		11DCB2602A3B805A0044F162 /* Assets.xcassets in Resources */ = {isa = PBXBuildFile; fileRef = 11DCB25F2A3B805A0044F162 /* Assets.xcassets */; };
		11DCB2632A3B805A0044F162 /* LaunchScreen.storyboard in Resources */ = {isa = PBXBuildFile; fileRef = 11DCB2612A3B805A0044F162 /* LaunchScreen.storyboard */; };
		11DCB26F2A3CBC620044F162 /* HomeViewController.swift in Sources */ = {isa = PBXBuildFile; fileRef = 11DCB26E2A3CBC620044F162 /* HomeViewController.swift */; };
/* End PBXBuildFile section */

/* Begin PBXFileReference section */
		11DCB2532A3B80580044F162 /* Uber-Clone-Storyboard.app */ = {isa = PBXFileReference; explicitFileType = wrapper.application; includeInIndex = 0; path = "Uber-Clone-Storyboard.app"; sourceTree = BUILT_PRODUCTS_DIR; };
		11DCB2562A3B80580044F162 /* AppDelegate.swift */ = {isa = PBXFileReference; lastKnownFileType = sourcecode.swift; path = AppDelegate.swift; sourceTree = "<group>"; };
		11DCB2582A3B80580044F162 /* SceneDelegate.swift */ = {isa = PBXFileReference; lastKnownFileType = sourcecode.swift; path = SceneDelegate.swift; sourceTree = "<group>"; };
		11DCB25A2A3B80580044F162 /* ViewController.swift */ = {isa = PBXFileReference; lastKnownFileType = sourcecode.swift; path = ViewController.swift; sourceTree = "<group>"; };
		11DCB25D2A3B80580044F162 /* Base */ = {isa = PBXFileReference; lastKnownFileType = file.storyboard; name = Base; path = Base.lproj/Main.storyboard; sourceTree = "<group>"; };
		11DCB25F2A3B805A0044F162 /* Assets.xcassets */ = {isa = PBXFileReference; lastKnownFileType = folder.assetcatalog; path = Assets.xcassets; sourceTree = "<group>"; };
		11DCB2622A3B805A0044F162 /* Base */ = {isa = PBXFileReference; lastKnownFileType = file.storyboard; name = Base; path = Base.lproj/LaunchScreen.storyboard; sourceTree = "<group>"; };
		11DCB2642A3B805A0044F162 /* Info.plist */ = {isa = PBXFileReference; lastKnownFileType = text.plist.xml; path = Info.plist; sourceTree = "<group>"; };
		11DCB26E2A3CBC620044F162 /* HomeViewController.swift */ = {isa = PBXFileReference; lastKnownFileType = sourcecode.swift; path = HomeViewController.swift; sourceTree = "<group>"; };
/* End PBXFileReference section */

/* Begin PBXFrameworksBuildPhase section */
		11DCB2502A3B80580044F162 /* Frameworks */ = {
			isa = PBXFrameworksBuildPhase;
			buildActionMask = 2147483647;
			files = (
			);
			runOnlyForDeploymentPostprocessing = 0;
		};
/* End PBXFrameworksBuildPhase section */

/* Begin PBXGroup section */
		11DCB24A2A3B80580044F162 = {
			isa = PBXGroup;
			children = (
				11DCB2552A3B80580044F162 /* Uber-Clone-Storyboard */,
				11DCB2542A3B80580044F162 /* Products */,
			);
			sourceTree = "<group>";
		};
		11DCB2542A3B80580044F162 /* Products */ = {
			isa = PBXGroup;
			children = (
				11DCB2532A3B80580044F162 /* Uber-Clone-Storyboard.app */,
			);
			name = Products;
			sourceTree = "<group>";
		};
		11DCB2552A3B80580044F162 /* Uber-Clone-Storyboard */ = {
			isa = PBXGroup;
			children = (
				11DCB2562A3B80580044F162 /* AppDelegate.swift */,
				11DCB2582A3B80580044F162 /* SceneDelegate.swift */,
				11DCB25A2A3B80580044F162 /* ViewController.swift */,
				11DCB25C2A3B80580044F162 /* Main.storyboard */,
				11DCB26E2A3CBC620044F162 /* HomeViewController.swift */,
				11DCB25F2A3B805A0044F162 /* Assets.xcassets */,
				11DCB2612A3B805A0044F162 /* LaunchScreen.storyboard */,
				11DCB2642A3B805A0044F162 /* Info.plist */,
			);
			path = "Uber-Clone-Storyboard";
			sourceTree = "<group>";
		};
/* End PBXGroup section */

/* Begin PBXNativeTarget section */
		11DCB2522A3B80580044F162 /* Uber-Clone-Storyboard */ = {
			isa = PBXNativeTarget;
			buildConfigurationList = 11DCB2672A3B805A0044F162 /* Build configuration list for PBXNativeTarget "Uber-Clone-Storyboard" */;
			buildPhases = (
				11DCB24F2A3B80580044F162 /* Sources */,
				11DCB2502A3B80580044F162 /* Frameworks */,
				11DCB2512A3B80580044F162 /* Resources */,
			);
			buildRules = (
			);
			dependencies = (
			);
			name = "Uber-Clone-Storyboard";
			productName = "Uber-Clone-Storyboard";
			productReference = 11DCB2532A3B80580044F162 /* Uber-Clone-Storyboard.app */;
			productType = "com.apple.product-type.application";
		};
/* End PBXNativeTarget section */

/* Begin PBXProject section */
		11DCB24B2A3B80580044F162 /* Project object */ = {
			isa = PBXProject;
			attributes = {
				BuildIndependentTargetsInParallel = 1;
				LastSwiftUpdateCheck = 1430;
				LastUpgradeCheck = 1430;
				TargetAttributes = {
					11DCB2522A3B80580044F162 = {
						CreatedOnToolsVersion = 14.3.1;
					};
				};
			};
			buildConfigurationList = 11DCB24E2A3B80580044F162 /* Build configuration list for PBXProject "Uber-Clone-Storyboard" */;
			compatibilityVersion = "Xcode 14.0";
			developmentRegion = en;
			hasScannedForEncodings = 0;
			knownRegions = (
				en,
				Base,
			);
			mainGroup = 11DCB24A2A3B80580044F162;
			productRefGroup = 11DCB2542A3B80580044F162 /* Products */;
			projectDirPath = "";
			projectRoot = "";
			targets = (
				11DCB2522A3B80580044F162 /* Uber-Clone-Storyboard */,
			);
		};
/* End PBXProject section */

/* Begin PBXResourcesBuildPhase section */
		11DCB2512A3B80580044F162 /* Resources */ = {
			isa = PBXResourcesBuildPhase;
			buildActionMask = 2147483647;
			files = (
				11DCB2632A3B805A0044F162 /* LaunchScreen.storyboard in Resources */,
				11DCB2602A3B805A0044F162 /* Assets.xcassets in Resources */,
				11DCB25E2A3B80580044F162 /* Main.storyboard in Resources */,
			);
			runOnlyForDeploymentPostprocessing = 0;
		};
/* End PBXResourcesBuildPhase section */

/* Begin PBXSourcesBuildPhase section */
		11DCB24F2A3B80580044F162 /* Sources */ = {
			isa = PBXSourcesBuildPhase;
			buildActionMask = 2147483647;
			files = (
				11DCB25B2A3B80580044F162 /* ViewController.swift in Sources */,
				11DCB2572A3B80580044F162 /* AppDelegate.swift in Sources */,
				11DCB2592A3B80580044F162 /* SceneDelegate.swift in Sources */,
				11DCB26F2A3CBC620044F162 /* HomeViewController.swift in Sources */,
			);
			runOnlyForDeploymentPostprocessing = 0;
		};
/* End PBXSourcesBuildPhase section */

/* Begin PBXVariantGroup section */
		11DCB25C2A3B80580044F162 /* Main.storyboard */ = {
			isa = PBXVariantGroup;
			children = (
				11DCB25D2A3B80580044F162 /* Base */,
			);
			name = Main.storyboard;
			sourceTree = "<group>";
		};
		11DCB2612A3B805A0044F162 /* LaunchScreen.storyboard */ = {
			isa = PBXVariantGroup;
			children = (
				11DCB2622A3B805A0044F162 /* Base */,
			);
			name = LaunchScreen.storyboard;
			sourceTree = "<group>";
		};
/* End PBXVariantGroup section */

/* Begin XCBuildConfiguration section */
		11DCB2652A3B805A0044F162 /* Debug */ = {
			isa = XCBuildConfiguration;
			buildSettings = {
				ALWAYS_SEARCH_USER_PATHS = NO;
				CLANG_ANALYZER_NONNULL = YES;
				CLANG_ANALYZER_NUMBER_OBJECT_CONVERSION = YES_AGGRESSIVE;
				CLANG_CXX_LANGUAGE_STANDARD = "gnu++20";
				CLANG_ENABLE_MODULES = YES;
				CLANG_ENABLE_OBJC_ARC = YES;
				CLANG_ENABLE_OBJC_WEAK = YES;
				CLANG_WARN_BLOCK_CAPTURE_AUTORELEASING = YES;
				CLANG_WARN_BOOL_CONVERSION = YES;
				CLANG_WARN_COMMA = YES;
				CLANG_WARN_CONSTANT_CONVERSION = YES;
				CLANG_WARN_DEPRECATED_OBJC_IMPLEMENTATIONS = YES;
				CLANG_WARN_DIRECT_OBJC_ISA_USAGE = YES_ERROR;
				CLANG_WARN_DOCUMENTATION_COMMENTS = YES;
				CLANG_WARN_EMPTY_BODY = YES;
				CLANG_WARN_ENUM_CONVERSION = YES;
				CLANG_WARN_INFINITE_RECURSION = YES;
				CLANG_WARN_INT_CONVERSION = YES;
				CLANG_WARN_NON_LITERAL_NULL_CONVERSION = YES;
				CLANG_WARN_OBJC_IMPLICIT_RETAIN_SELF = YES;
				CLANG_WARN_OBJC_LITERAL_CONVERSION = YES;
				CLANG_WARN_OBJC_ROOT_CLASS = YES_ERROR;
				CLANG_WARN_QUOTED_INCLUDE_IN_FRAMEWORK_HEADER = YES;
				CLANG_WARN_RANGE_LOOP_ANALYSIS = YES;
				CLANG_WARN_STRICT_PROTOTYPES = YES;
				CLANG_WARN_SUSPICIOUS_MOVE = YES;
				CLANG_WARN_UNGUARDED_AVAILABILITY = YES_AGGRESSIVE;
				CLANG_WARN_UNREACHABLE_CODE = YES;
				CLANG_WARN__DUPLICATE_METHOD_MATCH = YES;
				COPY_PHASE_STRIP = NO;
				DEBUG_INFORMATION_FORMAT = dwarf;
				ENABLE_STRICT_OBJC_MSGSEND = YES;
				ENABLE_TESTABILITY = YES;
				GCC_C_LANGUAGE_STANDARD = gnu11;
				GCC_DYNAMIC_NO_PIC = NO;
				GCC_NO_COMMON_BLOCKS = YES;
				GCC_OPTIMIZATION_LEVEL = 0;
				GCC_PREPROCESSOR_DEFINITIONS = (
					"DEBUG=1",
					"$(inherited)",
				);
				GCC_WARN_64_TO_32_BIT_CONVERSION = YES;
				GCC_WARN_ABOUT_RETURN_TYPE = YES_ERROR;
				GCC_WARN_UNDECLARED_SELECTOR = YES;
				GCC_WARN_UNINITIALIZED_AUTOS = YES_AGGRESSIVE;
				GCC_WARN_UNUSED_FUNCTION = YES;
				GCC_WARN_UNUSED_VARIABLE = YES;
				IPHONEOS_DEPLOYMENT_TARGET = 16.4;
				MTL_ENABLE_DEBUG_INFO = INCLUDE_SOURCE;
				MTL_FAST_MATH = YES;
				ONLY_ACTIVE_ARCH = YES;
				SDKROOT = iphoneos;
				SWIFT_ACTIVE_COMPILATION_CONDITIONS = DEBUG;
				SWIFT_OPTIMIZATION_LEVEL = "-Onone";
			};
			name = Debug;
		};
		11DCB2662A3B805A0044F162 /* Release */ = {
			isa = XCBuildConfiguration;
			buildSettings = {
				ALWAYS_SEARCH_USER_PATHS = NO;
				CLANG_ANALYZER_NONNULL = YES;
				CLANG_ANALYZER_NUMBER_OBJECT_CONVERSION = YES_AGGRESSIVE;
				CLANG_CXX_LANGUAGE_STANDARD = "gnu++20";
				CLANG_ENABLE_MODULES = YES;
				CLANG_ENABLE_OBJC_ARC = YES;
				CLANG_ENABLE_OBJC_WEAK = YES;
				CLANG_WARN_BLOCK_CAPTURE_AUTORELEASING = YES;
				CLANG_WARN_BOOL_CONVERSION = YES;
				CLANG_WARN_COMMA = YES;
				CLANG_WARN_CONSTANT_CONVERSION = YES;
				CLANG_WARN_DEPRECATED_OBJC_IMPLEMENTATIONS = YES;
				CLANG_WARN_DIRECT_OBJC_ISA_USAGE = YES_ERROR;
				CLANG_WARN_DOCUMENTATION_COMMENTS = YES;
				CLANG_WARN_EMPTY_BODY = YES;
				CLANG_WARN_ENUM_CONVERSION = YES;
				CLANG_WARN_INFINITE_RECURSION = YES;
				CLANG_WARN_INT_CONVERSION = YES;
				CLANG_WARN_NON_LITERAL_NULL_CONVERSION = YES;
				CLANG_WARN_OBJC_IMPLICIT_RETAIN_SELF = YES;
				CLANG_WARN_OBJC_LITERAL_CONVERSION = YES;
				CLANG_WARN_OBJC_ROOT_CLASS = YES_ERROR;
				CLANG_WARN_QUOTED_INCLUDE_IN_FRAMEWORK_HEADER = YES;
				CLANG_WARN_RANGE_LOOP_ANALYSIS = YES;
				CLANG_WARN_STRICT_PROTOTYPES = YES;
				CLANG_WARN_SUSPICIOUS_MOVE = YES;
				CLANG_WARN_UNGUARDED_AVAILABILITY = YES_AGGRESSIVE;
				CLANG_WARN_UNREACHABLE_CODE = YES;
				CLANG_WARN__DUPLICATE_METHOD_MATCH = YES;
				COPY_PHASE_STRIP = NO;
				DEBUG_INFORMATION_FORMAT = "dwarf-with-dsym";
				ENABLE_NS_ASSERTIONS = NO;
				ENABLE_STRICT_OBJC_MSGSEND = YES;
				GCC_C_LANGUAGE_STANDARD = gnu11;
				GCC_NO_COMMON_BLOCKS = YES;
				GCC_WARN_64_TO_32_BIT_CONVERSION = YES;
				GCC_WARN_ABOUT_RETURN_TYPE = YES_ERROR;
				GCC_WARN_UNDECLARED_SELECTOR = YES;
				GCC_WARN_UNINITIALIZED_AUTOS = YES_AGGRESSIVE;
				GCC_WARN_UNUSED_FUNCTION = YES;
				GCC_WARN_UNUSED_VARIABLE = YES;
				IPHONEOS_DEPLOYMENT_TARGET = 16.4;
				MTL_ENABLE_DEBUG_INFO = NO;
				MTL_FAST_MATH = YES;
				SDKROOT = iphoneos;
				SWIFT_COMPILATION_MODE = wholemodule;
				SWIFT_OPTIMIZATION_LEVEL = "-O";
				VALIDATE_PRODUCT = YES;
			};
			name = Release;
		};
		11DCB2682A3B805A0044F162 /* Debug */ = {
			isa = XCBuildConfiguration;
			buildSettings = {
				ASSETCATALOG_COMPILER_APPICON_NAME = AppIcon;
				ASSETCATALOG_COMPILER_GLOBAL_ACCENT_COLOR_NAME = AccentColor;
				CODE_SIGN_STYLE = Automatic;
				CURRENT_PROJECT_VERSION = 1;
				DEVELOPMENT_TEAM = Q56Y866QH3;
				GENERATE_INFOPLIST_FILE = YES;
				INFOPLIST_FILE = "Uber-Clone-Storyboard/Info.plist";
				INFOPLIST_KEY_CFBundleDisplayName = "Uber Storyboard";
				INFOPLIST_KEY_LSApplicationCategoryType = "public.app-category.travel";
				INFOPLIST_KEY_UIApplicationSupportsIndirectInputEvents = YES;
				INFOPLIST_KEY_UILaunchStoryboardName = LaunchScreen;
				INFOPLIST_KEY_UIMainStoryboardFile = Main;
				INFOPLIST_KEY_UISupportedInterfaceOrientations = UIInterfaceOrientationPortrait;
				IPHONEOS_DEPLOYMENT_TARGET = 15.0;
				LD_RUNPATH_SEARCH_PATHS = (
					"$(inherited)",
					"@executable_path/Frameworks",
				);
				MARKETING_VERSION = 1.0;
				PRODUCT_BUNDLE_IDENTIFIER = "com.swantan.Uber-Clone-Storyboard";
				PRODUCT_NAME = "$(TARGET_NAME)";
				SWIFT_EMIT_LOC_STRINGS = YES;
				SWIFT_VERSION = 5.0;
				TARGETED_DEVICE_FAMILY = "1,2";
			};
			name = Debug;
		};
		11DCB2692A3B805A0044F162 /* Release */ = {
			isa = XCBuildConfiguration;
			buildSettings = {
				ASSETCATALOG_COMPILER_APPICON_NAME = AppIcon;
				ASSETCATALOG_COMPILER_GLOBAL_ACCENT_COLOR_NAME = AccentColor;
				CODE_SIGN_STYLE = Automatic;
				CURRENT_PROJECT_VERSION = 1;
				DEVELOPMENT_TEAM = Q56Y866QH3;
				GENERATE_INFOPLIST_FILE = YES;
				INFOPLIST_FILE = "Uber-Clone-Storyboard/Info.plist";
				INFOPLIST_KEY_CFBundleDisplayName = "Uber Storyboard";
				INFOPLIST_KEY_LSApplicationCategoryType = "public.app-category.travel";
				INFOPLIST_KEY_UIApplicationSupportsIndirectInputEvents = YES;
				INFOPLIST_KEY_UILaunchStoryboardName = LaunchScreen;
				INFOPLIST_KEY_UIMainStoryboardFile = Main;
				INFOPLIST_KEY_UISupportedInterfaceOrientations = UIInterfaceOrientationPortrait;
				IPHONEOS_DEPLOYMENT_TARGET = 15.0;
				LD_RUNPATH_SEARCH_PATHS = (
					"$(inherited)",
					"@executable_path/Frameworks",
				);
				MARKETING_VERSION = 1.0;
				PRODUCT_BUNDLE_IDENTIFIER = "com.swantan.Uber-Clone-Storyboard";
				PRODUCT_NAME = "$(TARGET_NAME)";
				SWIFT_EMIT_LOC_STRINGS = YES;
				SWIFT_VERSION = 5.0;
				TARGETED_DEVICE_FAMILY = "1,2";
			};
			name = Release;
		};
/* End XCBuildConfiguration section */

/* Begin XCConfigurationList section */
		11DCB24E2A3B80580044F162 /* Build configuration list for PBXProject "Uber-Clone-Storyboard" */ = {
			isa = XCConfigurationList;
			buildConfigurations = (
				11DCB2652A3B805A0044F162 /* Debug */,
				11DCB2662A3B805A0044F162 /* Release */,
			);
			defaultConfigurationIsVisible = 0;
			defaultConfigurationName = Release;
		};
		11DCB2672A3B805A0044F162 /* Build configuration list for PBXNativeTarget "Uber-Clone-Storyboard" */ = {
			isa = XCConfigurationList;
			buildConfigurations = (
				11DCB2682A3B805A0044F162 /* Debug */,
				11DCB2692A3B805A0044F162 /* Release */,
			);
			defaultConfigurationIsVisible = 0;
			defaultConfigurationName = Release;
		};
/* End XCConfigurationList section */
	};
	rootObject = 11DCB24B2A3B80580044F162 /* Project object */;
}
